
Microsoft Visual Studio Solution File, Format Version 12.00
# Visual Studio Version 17
VisualStudioVersion = 17.3.32901.215
MinimumVisualStudioVersion = 10.0.40219.1
Project("{FAE04EC0-301F-11D3-BF4B-00C04F79EFBC}") = "es_1", "es_1.csproj", "{D94F72F7-D68D-481A-A01D-917645527728}"
EndProject
Global
	GlobalSection(SolutionConfigurationPlatforms) = preSolution
		Debug|Any CPU = Debug|Any CPU
		Release|Any CPU = Release|Any CPU
	EndGlobalSection
	GlobalSection(ProjectConfigurationPlatforms) = postSolution
		{D94F72F7-D68D-481A-A01D-917645527728}.Debug|Any CPU.ActiveCfg = Debug|Any CPU
		{D94F72F7-D68D-481A-A01D-917645527728}.Debug|Any CPU.Build.0 = Debug|Any CPU
		{D94F72F7-D68D-481A-A01D-917645527728}.Release|Any CPU.ActiveCfg = Release|Any CPU
		{D94F72F7-D68D-481A-A01D-917645527728}.Release|Any CPU.Build.0 = Release|Any CPU
	EndGlobalSection
	GlobalSection(SolutionProperties) = preSolution
		HideSolutionNode = FALSE
	EndGlobalSection
	GlobalSection(ExtensibilityGlobals) = postSolution
		SolutionGuid = {5434E93F-6782-4ABA-AB18-9A5E9ABA1533}
	EndGlobalSection
EndGlobal
