
Microsoft Visual Studio Solution File, Format Version 12.00
# Visual Studio Version 17
VisualStudioVersion = 17.3.32901.215
MinimumVisualStudioVersion = 10.0.40219.1
Project("{FAE04EC0-301F-11D3-BF4B-00C04F79EFBC}") = "Concessionario", "Concessionario.csproj", "{9F27B04A-8911-4ED4-AB0A-FB0815290017}"
EndProject
Global
	GlobalSection(SolutionConfigurationPlatforms) = preSolution
		Debug|Any CPU = Debug|Any CPU
		Release|Any CPU = Release|Any CPU
	EndGlobalSection
	GlobalSection(ProjectConfigurationPlatforms) = postSolution
		{9F27B04A-8911-4ED4-AB0A-FB0815290017}.Debug|Any CPU.ActiveCfg = Debug|Any CPU
		{9F27B04A-8911-4ED4-AB0A-FB0815290017}.Debug|Any CPU.Build.0 = Debug|Any CPU
		{9F27B04A-8911-4ED4-AB0A-FB0815290017}.Release|Any CPU.ActiveCfg = Release|Any CPU
		{9F27B04A-8911-4ED4-AB0A-FB0815290017}.Release|Any CPU.Build.0 = Release|Any CPU
	EndGlobalSection
	GlobalSection(SolutionProperties) = preSolution
		HideSolutionNode = FALSE
	EndGlobalSection
	GlobalSection(ExtensibilityGlobals) = postSolution
		SolutionGuid = {0C80707A-436A-475A-AB05-16560DCF989C}
	EndGlobalSection
EndGlobal
