
Microsoft Visual Studio Solution File, Format Version 12.00
# Visual Studio Version 17
VisualStudioVersion = 17.3.32901.215
MinimumVisualStudioVersion = 10.0.40219.1
Project("{FAE04EC0-301F-11D3-BF4B-00C04F79EFBC}") = "Spazi", "Spazi.csproj", "{3DD36A67-8C90-42F9-9063-553FC57FA36B}"
EndProject
Global
	GlobalSection(SolutionConfigurationPlatforms) = preSolution
		Debug|Any CPU = Debug|Any CPU
		Release|Any CPU = Release|Any CPU
	EndGlobalSection
	GlobalSection(ProjectConfigurationPlatforms) = postSolution
		{3DD36A67-8C90-42F9-9063-553FC57FA36B}.Debug|Any CPU.ActiveCfg = Debug|Any CPU
		{3DD36A67-8C90-42F9-9063-553FC57FA36B}.Debug|Any CPU.Build.0 = Debug|Any CPU
		{3DD36A67-8C90-42F9-9063-553FC57FA36B}.Release|Any CPU.ActiveCfg = Release|Any CPU
		{3DD36A67-8C90-42F9-9063-553FC57FA36B}.Release|Any CPU.Build.0 = Release|Any CPU
	EndGlobalSection
	GlobalSection(SolutionProperties) = preSolution
		HideSolutionNode = FALSE
	EndGlobalSection
	GlobalSection(ExtensibilityGlobals) = postSolution
		SolutionGuid = {246FD4FD-35B7-4825-92C2-851C30B2FAC1}
	EndGlobalSection
EndGlobal
