
Microsoft Visual Studio Solution File, Format Version 12.00
# Visual Studio Version 17
VisualStudioVersion = 17.3.32901.215
MinimumVisualStudioVersion = 10.0.40219.1
Project("{FAE04EC0-301F-11D3-BF4B-00C04F79EFBC}") = "DividiFrase", "DividiFrase.csproj", "{702CD3F6-D556-4B6D-A1FE-D8064AE86C57}"
EndProject
Global
	GlobalSection(SolutionConfigurationPlatforms) = preSolution
		Debug|Any CPU = Debug|Any CPU
		Release|Any CPU = Release|Any CPU
	EndGlobalSection
	GlobalSection(ProjectConfigurationPlatforms) = postSolution
		{702CD3F6-D556-4B6D-A1FE-D8064AE86C57}.Debug|Any CPU.ActiveCfg = Debug|Any CPU
		{702CD3F6-D556-4B6D-A1FE-D8064AE86C57}.Debug|Any CPU.Build.0 = Debug|Any CPU
		{702CD3F6-D556-4B6D-A1FE-D8064AE86C57}.Release|Any CPU.ActiveCfg = Release|Any CPU
		{702CD3F6-D556-4B6D-A1FE-D8064AE86C57}.Release|Any CPU.Build.0 = Release|Any CPU
	EndGlobalSection
	GlobalSection(SolutionProperties) = preSolution
		HideSolutionNode = FALSE
	EndGlobalSection
	GlobalSection(ExtensibilityGlobals) = postSolution
		SolutionGuid = {90EBF461-38D6-4821-A64D-C82A8C6597A4}
	EndGlobalSection
EndGlobal
